{
  "name": "customer_register",
  "version": "1.0.0",
  "lockfileVersion": 1,
  "requires": true,
  "dependencies": {
    "@types/angular": {
      "version": "1.6.39",
      "resolved": "https://registry.npmjs.org/@types/angular/-/angular-1.6.39.tgz",
      "integrity": "sha512-fRj26foAwYbjOwnGSpIaY05+jRxZevHWwzcSrQIsJgh5Xrosbu4fX99+obJH4YFFS8+EkYRwsSpf2vpVddSNVw==",
      "dev": true
    },
    "@types/angular-route": {
      "version": "1.3.4",
      "resolved": "https://registry.npmjs.org/@types/angular-route/-/angular-route-1.3.4.tgz",
      "integrity": "sha512-92OQR2FmH4whfVfvCZmZYkih8zKlRBXgsgs39dUv3YlVsjRgjByweMFA8N2Qh9zpDul5gQCFvQCajGrYqxyn4A==",
      "dev": true,
      "requires": {
        "@types/angular": "1.6.39"
      }
    },
    "angular": {
      "version": "1.6.7",
      "resolved": "https://registry.npmjs.org/angular/-/angular-1.6.7.tgz",
      "integrity": "sha1-D4mDfa4XdrAcyx+iCW2w2Tc9mJc="
    }
  }
}
